
Microsoft Visual Studio Solution File, Format Version 12.00
# Visual Studio Version 17
VisualStudioVersion = 17.0.31903.59
MinimumVisualStudioVersion = 10.0.40219.1
Project("{FAE04EC0-301F-11D3-BF4B-00C04F79EFBC}") = "RightSize", "RightSize\RightSize.csproj", "{6FF93A37-5994-4308-88DC-942AA7B49637}"
EndProject
Project("{FAE04EC0-301F-11D3-BF4B-00C04F79EFBC}") = "ChangeString", "ChangeString\ChangeString.csproj", "{BD4D8D49-9332-41E7-9654-4FF51187AE6E}"
EndProject
Project("{FAE04EC0-301F-11D3-BF4B-00C04F79EFBC}") = "ArrayMul", "ArrayMul\ArrayMul.csproj", "{99654902-E144-4840-BCBA-28DCB30FC161}"
EndProject
Project("{FAE04EC0-301F-11D3-BF4B-00C04F79EFBC}") = "HeroPerk", "HeroPerk\HeroPerk.csproj", "{BFB8E03E-C593-44ED-8823-07DA4815EAC3}"
EndProject
Project("{FAE04EC0-301F-11D3-BF4B-00C04F79EFBC}") = "Pow2Until", "Pow2Until\Pow2Until.csproj", "{76B53426-39B9-4B33-BF1E-4E95FF3A8FBD}"
EndProject
Global
	GlobalSection(SolutionConfigurationPlatforms) = preSolution
		Debug|Any CPU = Debug|Any CPU
		Release|Any CPU = Release|Any CPU
	EndGlobalSection
	GlobalSection(SolutionProperties) = preSolution
		HideSolutionNode = FALSE
	EndGlobalSection
	GlobalSection(ProjectConfigurationPlatforms) = postSolution
		{6FF93A37-5994-4308-88DC-942AA7B49637}.Debug|Any CPU.ActiveCfg = Debug|Any CPU
		{6FF93A37-5994-4308-88DC-942AA7B49637}.Debug|Any CPU.Build.0 = Debug|Any CPU
		{6FF93A37-5994-4308-88DC-942AA7B49637}.Release|Any CPU.ActiveCfg = Release|Any CPU
		{6FF93A37-5994-4308-88DC-942AA7B49637}.Release|Any CPU.Build.0 = Release|Any CPU
		{BD4D8D49-9332-41E7-9654-4FF51187AE6E}.Debug|Any CPU.ActiveCfg = Debug|Any CPU
		{BD4D8D49-9332-41E7-9654-4FF51187AE6E}.Debug|Any CPU.Build.0 = Debug|Any CPU
		{BD4D8D49-9332-41E7-9654-4FF51187AE6E}.Release|Any CPU.ActiveCfg = Release|Any CPU
		{BD4D8D49-9332-41E7-9654-4FF51187AE6E}.Release|Any CPU.Build.0 = Release|Any CPU
		{99654902-E144-4840-BCBA-28DCB30FC161}.Debug|Any CPU.ActiveCfg = Debug|Any CPU
		{99654902-E144-4840-BCBA-28DCB30FC161}.Debug|Any CPU.Build.0 = Debug|Any CPU
		{99654902-E144-4840-BCBA-28DCB30FC161}.Release|Any CPU.ActiveCfg = Release|Any CPU
		{99654902-E144-4840-BCBA-28DCB30FC161}.Release|Any CPU.Build.0 = Release|Any CPU
		{BFB8E03E-C593-44ED-8823-07DA4815EAC3}.Debug|Any CPU.ActiveCfg = Debug|Any CPU
		{BFB8E03E-C593-44ED-8823-07DA4815EAC3}.Debug|Any CPU.Build.0 = Debug|Any CPU
		{BFB8E03E-C593-44ED-8823-07DA4815EAC3}.Release|Any CPU.ActiveCfg = Release|Any CPU
		{BFB8E03E-C593-44ED-8823-07DA4815EAC3}.Release|Any CPU.Build.0 = Release|Any CPU
		{76B53426-39B9-4B33-BF1E-4E95FF3A8FBD}.Debug|Any CPU.ActiveCfg = Debug|Any CPU
		{76B53426-39B9-4B33-BF1E-4E95FF3A8FBD}.Debug|Any CPU.Build.0 = Debug|Any CPU
		{76B53426-39B9-4B33-BF1E-4E95FF3A8FBD}.Release|Any CPU.ActiveCfg = Release|Any CPU
		{76B53426-39B9-4B33-BF1E-4E95FF3A8FBD}.Release|Any CPU.Build.0 = Release|Any CPU
	EndGlobalSection
EndGlobal
